
Microsoft Visual Studio Solution File, Format Version 12.00
# Visual Studio 15
VisualStudioVersion = 15.0.28307.438
MinimumVisualStudioVersion = 10.0.40219.1
Project("{FAE04EC0-301F-11D3-BF4B-00C04F79EFBC}") = "AopSdk", "AopSdk.csproj", "{9C11CAE5-5188-4E71-825B-68FC3135728A}"
EndProject
Project("{FAE04EC0-301F-11D3-BF4B-00C04F79EFBC}") = "demoTest", "..\demoTest\demoTest.csproj", "{3D8B3416-5D46-44C2-9DC4-3BB7F06BEFCC}"
EndProject
Global
	GlobalSection(SolutionConfigurationPlatforms) = preSolution
		Debug|Any CPU = Debug|Any CPU
		Release|Any CPU = Release|Any CPU
	EndGlobalSection
	GlobalSection(ProjectConfigurationPlatforms) = postSolution
		{9C11CAE5-5188-4E71-825B-68FC3135728A}.Debug|Any CPU.ActiveCfg = Debug|Any CPU
		{9C11CAE5-5188-4E71-825B-68FC3135728A}.Debug|Any CPU.Build.0 = Debug|Any CPU
		{9C11CAE5-5188-4E71-825B-68FC3135728A}.Release|Any CPU.ActiveCfg = Release|Any CPU
		{9C11CAE5-5188-4E71-825B-68FC3135728A}.Release|Any CPU.Build.0 = Release|Any CPU
		{3D8B3416-5D46-44C2-9DC4-3BB7F06BEFCC}.Debug|Any CPU.ActiveCfg = Debug|Any CPU
		{3D8B3416-5D46-44C2-9DC4-3BB7F06BEFCC}.Debug|Any CPU.Build.0 = Debug|Any CPU
		{3D8B3416-5D46-44C2-9DC4-3BB7F06BEFCC}.Release|Any CPU.ActiveCfg = Release|Any CPU
		{3D8B3416-5D46-44C2-9DC4-3BB7F06BEFCC}.Release|Any CPU.Build.0 = Release|Any CPU
	EndGlobalSection
	GlobalSection(SolutionProperties) = preSolution
		HideSolutionNode = FALSE
	EndGlobalSection
	GlobalSection(ExtensibilityGlobals) = postSolution
		SolutionGuid = {33CDA233-C60A-4485-8576-AC0176713D46}
	EndGlobalSection
EndGlobal
